
Microsoft Visual Studio Solution File, Format Version 12.00
# Visual Studio Version 16
VisualStudioVersion = 16.0.31424.327
MinimumVisualStudioVersion = 10.0.40219.1
Project("{FAE04EC0-301F-11D3-BF4B-00C04F79EFBC}") = "EFDemoWeb", "EFDemoWeb.csproj", "{567C1406-9519-429A-AF32-AFCC56A11DAD}"
EndProject
Project("{FAE04EC0-301F-11D3-BF4B-00C04F79EFBC}") = "EFDataAccessLibrary", "..\EFDataAccessLibrary\EFDataAccessLibrary.csproj", "{F1410873-F85F-44B9-86D2-FF86E31674EE}"
EndProject
Global
	GlobalSection(SolutionConfigurationPlatforms) = preSolution
		Debug|Any CPU = Debug|Any CPU
		Release|Any CPU = Release|Any CPU
	EndGlobalSection
	GlobalSection(ProjectConfigurationPlatforms) = postSolution
		{567C1406-9519-429A-AF32-AFCC56A11DAD}.Debug|Any CPU.ActiveCfg = Debug|Any CPU
		{567C1406-9519-429A-AF32-AFCC56A11DAD}.Debug|Any CPU.Build.0 = Debug|Any CPU
		{567C1406-9519-429A-AF32-AFCC56A11DAD}.Release|Any CPU.ActiveCfg = Release|Any CPU
		{567C1406-9519-429A-AF32-AFCC56A11DAD}.Release|Any CPU.Build.0 = Release|Any CPU
		{F1410873-F85F-44B9-86D2-FF86E31674EE}.Debug|Any CPU.ActiveCfg = Debug|Any CPU
		{F1410873-F85F-44B9-86D2-FF86E31674EE}.Debug|Any CPU.Build.0 = Debug|Any CPU
		{F1410873-F85F-44B9-86D2-FF86E31674EE}.Release|Any CPU.ActiveCfg = Release|Any CPU
		{F1410873-F85F-44B9-86D2-FF86E31674EE}.Release|Any CPU.Build.0 = Release|Any CPU
	EndGlobalSection
	GlobalSection(SolutionProperties) = preSolution
		HideSolutionNode = FALSE
	EndGlobalSection
	GlobalSection(ExtensibilityGlobals) = postSolution
		SolutionGuid = {D6C79562-3BAC-4B43-AFA3-61809893B666}
	EndGlobalSection
EndGlobal
